
Microsoft Visual Studio Solution File, Format Version 11.00
# Visual Studio 2010
Project("{FAE04EC0-301F-11D3-BF4B-00C04F79EFBC}") = "Assembly-CSharp", "Assembly-CSharp.csproj", "{9EEA3B2E-DE3B-554C-CBF9-0A771A29F1D9}"
EndProject
Project("{FAE04EC0-301F-11D3-BF4B-00C04F79EFBC}") = "Assembly-CSharp-Editor", "Assembly-CSharp-Editor.csproj", "{A864D931-6B2E-49DB-A7BE-1F5F265EF6EB}"
EndProject
Global
	GlobalSection(SolutionConfigurationPlatforms) = preSolution
		Debug|Any CPU = Debug|Any CPU
		Release|Any CPU = Release|Any CPU
	EndGlobalSection
	GlobalSection(ProjectConfigurationPlatforms) = postSolution
		{9EEA3B2E-DE3B-554C-CBF9-0A771A29F1D9}.Debug|Any CPU.ActiveCfg = Debug|Any CPU
		{9EEA3B2E-DE3B-554C-CBF9-0A771A29F1D9}.Debug|Any CPU.Build.0 = Debug|Any CPU
		{9EEA3B2E-DE3B-554C-CBF9-0A771A29F1D9}.Release|Any CPU.ActiveCfg = Release|Any CPU
		{9EEA3B2E-DE3B-554C-CBF9-0A771A29F1D9}.Release|Any CPU.Build.0 = Release|Any CPU
		{A864D931-6B2E-49DB-A7BE-1F5F265EF6EB}.Debug|Any CPU.ActiveCfg = Debug|Any CPU
		{A864D931-6B2E-49DB-A7BE-1F5F265EF6EB}.Debug|Any CPU.Build.0 = Debug|Any CPU
		{A864D931-6B2E-49DB-A7BE-1F5F265EF6EB}.Release|Any CPU.ActiveCfg = Release|Any CPU
		{A864D931-6B2E-49DB-A7BE-1F5F265EF6EB}.Release|Any CPU.Build.0 = Release|Any CPU
	EndGlobalSection
	GlobalSection(SolutionProperties) = preSolution
		HideSolutionNode = FALSE
	EndGlobalSection
	GlobalSection(MonoDevelopProperties) = preSolution
		StartupItem = Assembly-CSharp.csproj
	EndGlobalSection
EndGlobal
